
Microsoft Visual Studio Solution File, Format Version 12.00
# Visual Studio Version 17
VisualStudioVersion = 17.14.36408.4 d17.14
MinimumVisualStudioVersion = 10.0.40219.1
Project("{FAE04EC0-301F-11D3-BF4B-00C04F79EFBC}") = "BaddieFs", "BaddieFs.csproj", "{FCC5B47F-4F25-4550-ACCA-81453681CA51}"
EndProject
Global
	GlobalSection(SolutionConfigurationPlatforms) = preSolution
		Debug|Any CPU = Debug|Any CPU
		Release|Any CPU = Release|Any CPU
	EndGlobalSection
	GlobalSection(ProjectConfigurationPlatforms) = postSolution
		{FCC5B47F-4F25-4550-ACCA-81453681CA51}.Debug|Any CPU.ActiveCfg = Debug|Any CPU
		{FCC5B47F-4F25-4550-ACCA-81453681CA51}.Debug|Any CPU.Build.0 = Debug|Any CPU
		{FCC5B47F-4F25-4550-ACCA-81453681CA51}.Release|Any CPU.ActiveCfg = Release|Any CPU
		{FCC5B47F-4F25-4550-ACCA-81453681CA51}.Release|Any CPU.Build.0 = Release|Any CPU
	EndGlobalSection
	GlobalSection(SolutionProperties) = preSolution
		HideSolutionNode = FALSE
	EndGlobalSection
	GlobalSection(ExtensibilityGlobals) = postSolution
		SolutionGuid = {ADA7DCC1-9A95-4734-B03E-3C914F7B4A88}
	EndGlobalSection
EndGlobal
